// !$*UTF8*$!
{
	archiveVersion = 1;
	classes = {
	};
	objectVersion = 46;
	objects = {

/* Begin PBXBuildFile section */
		6ED038BE1AE6663D00884AFF /* main.c in Sources */ = {isa = PBXBuildFile; fileRef = 6ED038BD1AE6663D00884AFF /* main.c */; };
		6ED038D11AE6669800884AFF /* direction.c in Sources */ = {isa = PBXBuildFile; fileRef = 6ED038C41AE6669800884AFF /* direction.c */; };
		6ED038D21AE6669800884AFF /* main.c in Sources */ = {isa = PBXBuildFile; fileRef = 6ED038C61AE6669800884AFF /* main.c */; };
		6ED038D31AE6669800884AFF /* Makefile in Sources */ = {isa = PBXBuildFile; fileRef = 6ED038C71AE6669800884AFF /* Makefile */; };
		6ED038D41AE6669800884AFF /* maze.c in Sources */ = {isa = PBXBuildFile; fileRef = 6ED038C81AE6669800884AFF /* maze.c */; };
		6ED038D51AE6669800884AFF /* misc.c in Sources */ = {isa = PBXBuildFile; fileRef = 6ED038CB1AE6669800884AFF /* misc.c */; };
		6ED038D61AE6669800884AFF /* path.c in Sources */ = {isa = PBXBuildFile; fileRef = 6ED038CD1AE6669800884AFF /* path.c */; };
		6ED038D71AE6669800884AFF /* position.c in Sources */ = {isa = PBXBuildFile; fileRef = 6ED038CF1AE6669800884AFF /* position.c */; };
/* End PBXBuildFile section */

/* Begin PBXCopyFilesBuildPhase section */
		6ED038B81AE6663D00884AFF /* CopyFiles */ = {
			isa = PBXCopyFilesBuildPhase;
			buildActionMask = 2147483647;
			dstPath = /usr/share/man/man1/;
			dstSubfolderSpec = 0;
			files = (
			);
			runOnlyForDeploymentPostprocessing = 1;
		};
/* End PBXCopyFilesBuildPhase section */

/* Begin PBXFileReference section */
		6ED038BA1AE6663D00884AFF /* AiWeek1 */ = {isa = PBXFileReference; explicitFileType = "compiled.mach-o.executable"; includeInIndex = 0; path = AiWeek1; sourceTree = BUILT_PRODUCTS_DIR; };
		6ED038BD1AE6663D00884AFF /* main.c */ = {isa = PBXFileReference; lastKnownFileType = sourcecode.c.c; path = main.c; sourceTree = "<group>"; };
		6ED038C41AE6669800884AFF /* direction.c */ = {isa = PBXFileReference; fileEncoding = 4; lastKnownFileType = sourcecode.c.c; path = direction.c; sourceTree = "<group>"; };
		6ED038C51AE6669800884AFF /* direction.h */ = {isa = PBXFileReference; fileEncoding = 4; lastKnownFileType = sourcecode.c.h; path = direction.h; sourceTree = "<group>"; };
		6ED038C61AE6669800884AFF /* main.c */ = {isa = PBXFileReference; fileEncoding = 4; lastKnownFileType = sourcecode.c.c; path = main.c; sourceTree = "<group>"; };
		6ED038C71AE6669800884AFF /* Makefile */ = {isa = PBXFileReference; fileEncoding = 4; lastKnownFileType = sourcecode.make; path = Makefile; sourceTree = "<group>"; };
		6ED038C81AE6669800884AFF /* maze.c */ = {isa = PBXFileReference; fileEncoding = 4; lastKnownFileType = sourcecode.c.c; path = maze.c; sourceTree = "<group>"; };
		6ED038C91AE6669800884AFF /* maze.h */ = {isa = PBXFileReference; fileEncoding = 4; lastKnownFileType = sourcecode.c.h; path = maze.h; sourceTree = "<group>"; };
		6ED038CA1AE6669800884AFF /* maze3D.txt */ = {isa = PBXFileReference; fileEncoding = 4; lastKnownFileType = text; path = maze3D.txt; sourceTree = "<group>"; };
		6ED038CB1AE6669800884AFF /* misc.c */ = {isa = PBXFileReference; fileEncoding = 4; lastKnownFileType = sourcecode.c.c; path = misc.c; sourceTree = "<group>"; };
		6ED038CC1AE6669800884AFF /* misc.h */ = {isa = PBXFileReference; fileEncoding = 4; lastKnownFileType = sourcecode.c.h; path = misc.h; sourceTree = "<group>"; };
		6ED038CD1AE6669800884AFF /* path.c */ = {isa = PBXFileReference; fileEncoding = 4; lastKnownFileType = sourcecode.c.c; path = path.c; sourceTree = "<group>"; };
		6ED038CE1AE6669800884AFF /* path.h */ = {isa = PBXFileReference; fileEncoding = 4; lastKnownFileType = sourcecode.c.h; path = path.h; sourceTree = "<group>"; };
		6ED038CF1AE6669800884AFF /* position.c */ = {isa = PBXFileReference; fileEncoding = 4; lastKnownFileType = sourcecode.c.c; path = position.c; sourceTree = "<group>"; };
		6ED038D01AE6669800884AFF /* position.h */ = {isa = PBXFileReference; fileEncoding = 4; lastKnownFileType = sourcecode.c.h; path = position.h; sourceTree = "<group>"; };
/* End PBXFileReference section */

/* Begin PBXFrameworksBuildPhase section */
		6ED038B71AE6663D00884AFF /* Frameworks */ = {
			isa = PBXFrameworksBuildPhase;
			buildActionMask = 2147483647;
			files = (
			);
			runOnlyForDeploymentPostprocessing = 0;
		};
/* End PBXFrameworksBuildPhase section */

/* Begin PBXGroup section */
		6ED038B11AE6663D00884AFF = {
			isa = PBXGroup;
			children = (
				6ED038BC1AE6663D00884AFF /* AiWeek1 */,
				6ED038BB1AE6663D00884AFF /* Products */,
			);
			sourceTree = "<group>";
		};
		6ED038BB1AE6663D00884AFF /* Products */ = {
			isa = PBXGroup;
			children = (
				6ED038BA1AE6663D00884AFF /* AiWeek1 */,
			);
			name = Products;
			sourceTree = "<group>";
		};
		6ED038BC1AE6663D00884AFF /* AiWeek1 */ = {
			isa = PBXGroup;
			children = (
				6ED038C41AE6669800884AFF /* direction.c */,
				6ED038C51AE6669800884AFF /* direction.h */,
				6ED038C61AE6669800884AFF /* main.c */,
				6ED038C71AE6669800884AFF /* Makefile */,
				6ED038C81AE6669800884AFF /* maze.c */,
				6ED038C91AE6669800884AFF /* maze.h */,
				6ED038CA1AE6669800884AFF /* maze3D.txt */,
				6ED038CB1AE6669800884AFF /* misc.c */,
				6ED038CC1AE6669800884AFF /* misc.h */,
				6ED038CD1AE6669800884AFF /* path.c */,
				6ED038CE1AE6669800884AFF /* path.h */,
				6ED038CF1AE6669800884AFF /* position.c */,
				6ED038D01AE6669800884AFF /* position.h */,
				6ED038BD1AE6663D00884AFF /* main.c */,
			);
			path = AiWeek1;
			sourceTree = "<group>";
		};
/* End PBXGroup section */

/* Begin PBXNativeTarget section */
		6ED038B91AE6663D00884AFF /* AiWeek1 */ = {
			isa = PBXNativeTarget;
			buildConfigurationList = 6ED038C11AE6663D00884AFF /* Build configuration list for PBXNativeTarget "AiWeek1" */;
			buildPhases = (
				6ED038B61AE6663D00884AFF /* Sources */,
				6ED038B71AE6663D00884AFF /* Frameworks */,
				6ED038B81AE6663D00884AFF /* CopyFiles */,
			);
			buildRules = (
			);
			dependencies = (
			);
			name = AiWeek1;
			productName = AiWeek1;
			productReference = 6ED038BA1AE6663D00884AFF /* AiWeek1 */;
			productType = "com.apple.product-type.tool";
		};
/* End PBXNativeTarget section */

/* Begin PBXProject section */
		6ED038B21AE6663D00884AFF /* Project object */ = {
			isa = PBXProject;
			attributes = {
				LastUpgradeCheck = 0630;
				ORGANIZATIONNAME = "Guilherme Alles";
				TargetAttributes = {
					6ED038B91AE6663D00884AFF = {
						CreatedOnToolsVersion = 6.3;
					};
				};
			};
			buildConfigurationList = 6ED038B51AE6663D00884AFF /* Build configuration list for PBXProject "AiWeek1" */;
			compatibilityVersion = "Xcode 3.2";
			developmentRegion = English;
			hasScannedForEncodings = 0;
			knownRegions = (
				en,
			);
			mainGroup = 6ED038B11AE6663D00884AFF;
			productRefGroup = 6ED038BB1AE6663D00884AFF /* Products */;
			projectDirPath = "";
			projectRoot = "";
			targets = (
				6ED038B91AE6663D00884AFF /* AiWeek1 */,
			);
		};
/* End PBXProject section */

/* Begin PBXSourcesBuildPhase section */
		6ED038B61AE6663D00884AFF /* Sources */ = {
			isa = PBXSourcesBuildPhase;
			buildActionMask = 2147483647;
			files = (
				6ED038D71AE6669800884AFF /* position.c in Sources */,
				6ED038D41AE6669800884AFF /* maze.c in Sources */,
				6ED038BE1AE6663D00884AFF /* main.c in Sources */,
				6ED038D11AE6669800884AFF /* direction.c in Sources */,
				6ED038D61AE6669800884AFF /* path.c in Sources */,
				6ED038D51AE6669800884AFF /* misc.c in Sources */,
				6ED038D31AE6669800884AFF /* Makefile in Sources */,
				6ED038D21AE6669800884AFF /* main.c in Sources */,
			);
			runOnlyForDeploymentPostprocessing = 0;
		};
/* End PBXSourcesBuildPhase section */

/* Begin XCBuildConfiguration section */
		6ED038BF1AE6663D00884AFF /* Debug */ = {
			isa = XCBuildConfiguration;
			buildSettings = {
				ALWAYS_SEARCH_USER_PATHS = NO;
				CLANG_CXX_LANGUAGE_STANDARD = "gnu++0x";
				CLANG_CXX_LIBRARY = "libc++";
				CLANG_ENABLE_MODULES = YES;
				CLANG_ENABLE_OBJC_ARC = YES;
				CLANG_WARN_BOOL_CONVERSION = YES;
				CLANG_WARN_CONSTANT_CONVERSION = YES;
				CLANG_WARN_DIRECT_OBJC_ISA_USAGE = YES_ERROR;
				CLANG_WARN_EMPTY_BODY = YES;
				CLANG_WARN_ENUM_CONVERSION = YES;
				CLANG_WARN_INT_CONVERSION = YES;
				CLANG_WARN_OBJC_ROOT_CLASS = YES_ERROR;
				CLANG_WARN_UNREACHABLE_CODE = YES;
				CLANG_WARN__DUPLICATE_METHOD_MATCH = YES;
				COPY_PHASE_STRIP = NO;
				DEBUG_INFORMATION_FORMAT = dwarf;
				ENABLE_STRICT_OBJC_MSGSEND = YES;
				GCC_C_LANGUAGE_STANDARD = gnu99;
				GCC_DYNAMIC_NO_PIC = NO;
				GCC_NO_COMMON_BLOCKS = YES;
				GCC_OPTIMIZATION_LEVEL = 0;
				GCC_PREPROCESSOR_DEFINITIONS = (
					"DEBUG=1",
					"$(inherited)",
				);
				GCC_SYMBOLS_PRIVATE_EXTERN = NO;
				GCC_WARN_64_TO_32_BIT_CONVERSION = YES;
				GCC_WARN_ABOUT_RETURN_TYPE = YES_ERROR;
				GCC_WARN_UNDECLARED_SELECTOR = YES;
				GCC_WARN_UNINITIALIZED_AUTOS = YES_AGGRESSIVE;
				GCC_WARN_UNUSED_FUNCTION = YES;
				GCC_WARN_UNUSED_VARIABLE = YES;
				MACOSX_DEPLOYMENT_TARGET = 10.10;
				MTL_ENABLE_DEBUG_INFO = YES;
				ONLY_ACTIVE_ARCH = YES;
				SDKROOT = macosx;
			};
			name = Debug;
		};
		6ED038C01AE6663D00884AFF /* Release */ = {
			isa = XCBuildConfiguration;
			buildSettings = {
				ALWAYS_SEARCH_USER_PATHS = NO;
				CLANG_CXX_LANGUAGE_STANDARD = "gnu++0x";
				CLANG_CXX_LIBRARY = "libc++";
				CLANG_ENABLE_MODULES = YES;
				CLANG_ENABLE_OBJC_ARC = YES;
				CLANG_WARN_BOOL_CONVERSION = YES;
				CLANG_WARN_CONSTANT_CONVERSION = YES;
				CLANG_WARN_DIRECT_OBJC_ISA_USAGE = YES_ERROR;
				CLANG_WARN_EMPTY_BODY = YES;
				CLANG_WARN_ENUM_CONVERSION = YES;
				CLANG_WARN_INT_CONVERSION = YES;
				CLANG_WARN_OBJC_ROOT_CLASS = YES_ERROR;
				CLANG_WARN_UNREACHABLE_CODE = YES;
				CLANG_WARN__DUPLICATE_METHOD_MATCH = YES;
				COPY_PHASE_STRIP = NO;
				DEBUG_INFORMATION_FORMAT = "dwarf-with-dsym";
				ENABLE_NS_ASSERTIONS = NO;
				ENABLE_STRICT_OBJC_MSGSEND = YES;
				GCC_C_LANGUAGE_STANDARD = gnu99;
				GCC_NO_COMMON_BLOCKS = YES;
				GCC_WARN_64_TO_32_BIT_CONVERSION = YES;
				GCC_WARN_ABOUT_RETURN_TYPE = YES_ERROR;
				GCC_WARN_UNDECLARED_SELECTOR = YES;
				GCC_WARN_UNINITIALIZED_AUTOS = YES_AGGRESSIVE;
				GCC_WARN_UNUSED_FUNCTION = YES;
				GCC_WARN_UNUSED_VARIABLE = YES;
				MACOSX_DEPLOYMENT_TARGET = 10.10;
				MTL_ENABLE_DEBUG_INFO = NO;
				SDKROOT = macosx;
			};
			name = Release;
		};
		6ED038C21AE6663D00884AFF /* Debug */ = {
			isa = XCBuildConfiguration;
			buildSettings = {
				PRODUCT_NAME = "$(TARGET_NAME)";
			};
			name = Debug;
		};
		6ED038C31AE6663D00884AFF /* Release */ = {
			isa = XCBuildConfiguration;
			buildSettings = {
				PRODUCT_NAME = "$(TARGET_NAME)";
			};
			name = Release;
		};
/* End XCBuildConfiguration section */

/* Begin XCConfigurationList section */
		6ED038B51AE6663D00884AFF /* Build configuration list for PBXProject "AiWeek1" */ = {
			isa = XCConfigurationList;
			buildConfigurations = (
				6ED038BF1AE6663D00884AFF /* Debug */,
				6ED038C01AE6663D00884AFF /* Release */,
			);
			defaultConfigurationIsVisible = 0;
			defaultConfigurationName = Release;
		};
		6ED038C11AE6663D00884AFF /* Build configuration list for PBXNativeTarget "AiWeek1" */ = {
			isa = XCConfigurationList;
			buildConfigurations = (
				6ED038C21AE6663D00884AFF /* Debug */,
				6ED038C31AE6663D00884AFF /* Release */,
			);
			defaultConfigurationIsVisible = 0;
		};
/* End XCConfigurationList section */
	};
	rootObject = 6ED038B21AE6663D00884AFF /* Project object */;
}
